
Microsoft Visual Studio Solution File, Format Version 12.00
# Visual Studio Version 17
VisualStudioVersion = 17.2.32616.157
MinimumVisualStudioVersion = 10.0.40219.1
Project("{FAE04EC0-301F-11D3-BF4B-00C04F79EFBC}") = "Azure Key Vault", "Azure Key Vault.csproj", "{27EAD976-3678-4A8F-992F-B7ED0A85FC77}"
EndProject
Global
	GlobalSection(SolutionConfigurationPlatforms) = preSolution
		Debug|Any CPU = Debug|Any CPU
		Release|Any CPU = Release|Any CPU
	EndGlobalSection
	GlobalSection(ProjectConfigurationPlatforms) = postSolution
		{27EAD976-3678-4A8F-992F-B7ED0A85FC77}.Debug|Any CPU.ActiveCfg = Debug|Any CPU
		{27EAD976-3678-4A8F-992F-B7ED0A85FC77}.Debug|Any CPU.Build.0 = Debug|Any CPU
		{27EAD976-3678-4A8F-992F-B7ED0A85FC77}.Release|Any CPU.ActiveCfg = Release|Any CPU
		{27EAD976-3678-4A8F-992F-B7ED0A85FC77}.Release|Any CPU.Build.0 = Release|Any CPU
	EndGlobalSection
	GlobalSection(SolutionProperties) = preSolution
		HideSolutionNode = FALSE
	EndGlobalSection
	GlobalSection(ExtensibilityGlobals) = postSolution
		SolutionGuid = {B0D3B968-7B08-4501-BC1C-984975D93FED}
	EndGlobalSection
EndGlobal
