
Microsoft Visual Studio Solution File, Format Version 12.00
# Visual Studio Version 17
VisualStudioVersion = 17.2.32616.157
MinimumVisualStudioVersion = 10.0.40219.1
Project("{FAE04EC0-301F-11D3-BF4B-00C04F79EFBC}") = "DemoApplication2", "DemoApplication2.csproj", "{7536B588-05DC-45DF-8027-497EB9766E27}"
EndProject
Global
	GlobalSection(SolutionConfigurationPlatforms) = preSolution
		Debug|Any CPU = Debug|Any CPU
		Release|Any CPU = Release|Any CPU
	EndGlobalSection
	GlobalSection(ProjectConfigurationPlatforms) = postSolution
		{7536B588-05DC-45DF-8027-497EB9766E27}.Debug|Any CPU.ActiveCfg = Debug|Any CPU
		{7536B588-05DC-45DF-8027-497EB9766E27}.Debug|Any CPU.Build.0 = Debug|Any CPU
		{7536B588-05DC-45DF-8027-497EB9766E27}.Release|Any CPU.ActiveCfg = Release|Any CPU
		{7536B588-05DC-45DF-8027-497EB9766E27}.Release|Any CPU.Build.0 = Release|Any CPU
	EndGlobalSection
	GlobalSection(SolutionProperties) = preSolution
		HideSolutionNode = FALSE
	EndGlobalSection
	GlobalSection(ExtensibilityGlobals) = postSolution
		SolutionGuid = {A5BD4032-EF7C-4E73-B0F6-00ACF1F0692B}
	EndGlobalSection
EndGlobal
