
Microsoft Visual Studio Solution File, Format Version 12.00
# Visual Studio Version 17
VisualStudioVersion = 17.2.32616.157
MinimumVisualStudioVersion = 10.0.40219.1
Project("{FAE04EC0-301F-11D3-BF4B-00C04F79EFBC}") = "Publisher", "Publisher.csproj", "{E1BBE7F3-B923-4412-9EF8-FE26EDED132D}"
EndProject
Project("{FAE04EC0-301F-11D3-BF4B-00C04F79EFBC}") = "SubscriptionA", "..\SubscriptionA\SubscriptionA.csproj", "{154983B9-1F9D-4548-AD49-908505136DB4}"
EndProject
Project("{FAE04EC0-301F-11D3-BF4B-00C04F79EFBC}") = "SubscriptionB", "..\SubscriptionB\SubscriptionB.csproj", "{DEA13DEE-BCD7-40A9-BEE1-B8C1D49AAF4F}"
EndProject
Project("{FAE04EC0-301F-11D3-BF4B-00C04F79EFBC}") = "ServiceBusQueueFunctionApp", "..\ServiceBusQueueFunctionApp\ServiceBusQueueFunctionApp.csproj", "{B6AD13C2-2D12-44E2-969E-DE10297000D5}"
EndProject
Global
	GlobalSection(SolutionConfigurationPlatforms) = preSolution
		Debug|Any CPU = Debug|Any CPU
		Release|Any CPU = Release|Any CPU
	EndGlobalSection
	GlobalSection(ProjectConfigurationPlatforms) = postSolution
		{E1BBE7F3-B923-4412-9EF8-FE26EDED132D}.Debug|Any CPU.ActiveCfg = Debug|Any CPU
		{E1BBE7F3-B923-4412-9EF8-FE26EDED132D}.Debug|Any CPU.Build.0 = Debug|Any CPU
		{E1BBE7F3-B923-4412-9EF8-FE26EDED132D}.Release|Any CPU.ActiveCfg = Release|Any CPU
		{E1BBE7F3-B923-4412-9EF8-FE26EDED132D}.Release|Any CPU.Build.0 = Release|Any CPU
		{154983B9-1F9D-4548-AD49-908505136DB4}.Debug|Any CPU.ActiveCfg = Debug|Any CPU
		{154983B9-1F9D-4548-AD49-908505136DB4}.Debug|Any CPU.Build.0 = Debug|Any CPU
		{154983B9-1F9D-4548-AD49-908505136DB4}.Release|Any CPU.ActiveCfg = Release|Any CPU
		{154983B9-1F9D-4548-AD49-908505136DB4}.Release|Any CPU.Build.0 = Release|Any CPU
		{DEA13DEE-BCD7-40A9-BEE1-B8C1D49AAF4F}.Debug|Any CPU.ActiveCfg = Debug|Any CPU
		{DEA13DEE-BCD7-40A9-BEE1-B8C1D49AAF4F}.Debug|Any CPU.Build.0 = Debug|Any CPU
		{DEA13DEE-BCD7-40A9-BEE1-B8C1D49AAF4F}.Release|Any CPU.ActiveCfg = Release|Any CPU
		{DEA13DEE-BCD7-40A9-BEE1-B8C1D49AAF4F}.Release|Any CPU.Build.0 = Release|Any CPU
		{B6AD13C2-2D12-44E2-969E-DE10297000D5}.Debug|Any CPU.ActiveCfg = Debug|Any CPU
		{B6AD13C2-2D12-44E2-969E-DE10297000D5}.Debug|Any CPU.Build.0 = Debug|Any CPU
		{B6AD13C2-2D12-44E2-969E-DE10297000D5}.Release|Any CPU.ActiveCfg = Release|Any CPU
		{B6AD13C2-2D12-44E2-969E-DE10297000D5}.Release|Any CPU.Build.0 = Release|Any CPU
	EndGlobalSection
	GlobalSection(SolutionProperties) = preSolution
		HideSolutionNode = FALSE
	EndGlobalSection
	GlobalSection(ExtensibilityGlobals) = postSolution
		SolutionGuid = {86410527-27F1-4EF0-9947-11C549095C1D}
	EndGlobalSection
EndGlobal
